// !$*UTF8*$!
{
	archiveVersion = 1;
	classes = {
	};
	objectVersion = 46;
	objects = {

/* Begin PBXBuildFile section */
		138AAA191DE6D82700E6A69C /* PJViewController.m in Sources */ = {isa = PBXBuildFile; fileRef = 138AAA171DE6D82700E6A69C /* PJViewController.m */; };
		138AAA201DE6D88A00E6A69C /* CoreGraphics.framework in Frameworks */ = {isa = PBXBuildFile; fileRef = 138AAA1F1DE6D88A00E6A69C /* CoreGraphics.framework */; };
		138AAA221DE6D89500E6A69C /* UIKit.framework in Frameworks */ = {isa = PBXBuildFile; fileRef = 138AAA211DE6D89500E6A69C /* UIKit.framework */; };
		138AAA241DE6D8A400E6A69C /* Foundation.framework in Frameworks */ = {isa = PBXBuildFile; fileRef = 138AAA231DE6D8A400E6A69C /* Foundation.framework */; };
		138AAC9C1DE6E75000E6A69C /* Info.plist in Resources */ = {isa = PBXBuildFile; fileRef = 138AAC821DE6E75000E6A69C /* Info.plist */; };
		138AAC9D1DE6E75000E6A69C /* MASCompositeConstraint.m in Sources */ = {isa = PBXBuildFile; fileRef = 138AAC841DE6E75000E6A69C /* MASCompositeConstraint.m */; };
		138AAC9E1DE6E75000E6A69C /* MASConstraint.m in Sources */ = {isa = PBXBuildFile; fileRef = 138AAC871DE6E75000E6A69C /* MASConstraint.m */; };
		138AAC9F1DE6E75000E6A69C /* MASConstraintMaker.m in Sources */ = {isa = PBXBuildFile; fileRef = 138AAC891DE6E75000E6A69C /* MASConstraintMaker.m */; };
		138AACA01DE6E75000E6A69C /* MASLayoutConstraint.m in Sources */ = {isa = PBXBuildFile; fileRef = 138AAC8B1DE6E75000E6A69C /* MASLayoutConstraint.m */; };
		138AACA11DE6E75000E6A69C /* MASViewAttribute.m in Sources */ = {isa = PBXBuildFile; fileRef = 138AAC8F1DE6E75000E6A69C /* MASViewAttribute.m */; };
		138AACA21DE6E75000E6A69C /* MASViewConstraint.m in Sources */ = {isa = PBXBuildFile; fileRef = 138AAC911DE6E75000E6A69C /* MASViewConstraint.m */; };
		138AACA31DE6E75000E6A69C /* NSArray+MASAdditions.m in Sources */ = {isa = PBXBuildFile; fileRef = 138AAC931DE6E75000E6A69C /* NSArray+MASAdditions.m */; };
		138AACA41DE6E75000E6A69C /* NSLayoutConstraint+MASDebugAdditions.m in Sources */ = {isa = PBXBuildFile; fileRef = 138AAC961DE6E75000E6A69C /* NSLayoutConstraint+MASDebugAdditions.m */; };
		138AACA51DE6E75000E6A69C /* View+MASAdditions.m in Sources */ = {isa = PBXBuildFile; fileRef = 138AAC981DE6E75000E6A69C /* View+MASAdditions.m */; };
		138AACA61DE6E75000E6A69C /* ViewController+MASAdditions.m in Sources */ = {isa = PBXBuildFile; fileRef = 138AAC9B1DE6E75000E6A69C /* ViewController+MASAdditions.m */; };
		138AACB01DE6E8C500E6A69C /* MBProgressHUD.m in Sources */ = {isa = PBXBuildFile; fileRef = 138AACA91DE6E8C500E6A69C /* MBProgressHUD.m */; };
		138AACB11DE6E8C500E6A69C /* PJAlertView.m in Sources */ = {isa = PBXBuildFile; fileRef = 138AACAC1DE6E8C500E6A69C /* PJAlertView.m */; };
		138AACB21DE6E8C500E6A69C /* PJProgressHUD.m in Sources */ = {isa = PBXBuildFile; fileRef = 138AACAF1DE6E8C500E6A69C /* PJProgressHUD.m */; };
		138AACB41DE7442F00E6A69C /* demo.png in Resources */ = {isa = PBXBuildFile; fileRef = 138AACB31DE7442F00E6A69C /* demo.png */; };
		138AACD01DE7CF3B00E6A69C /* SVIndefiniteAnimatedView.m in Sources */ = {isa = PBXBuildFile; fileRef = 138AACC71DE7CF3B00E6A69C /* SVIndefiniteAnimatedView.m */; };
		138AACD11DE7CF3B00E6A69C /* SVProgressAnimatedView.m in Sources */ = {isa = PBXBuildFile; fileRef = 138AACC91DE7CF3B00E6A69C /* SVProgressAnimatedView.m */; };
		138AACD21DE7CF3B00E6A69C /* SVProgressHUD.bundle in Resources */ = {isa = PBXBuildFile; fileRef = 138AACCB1DE7CF3B00E6A69C /* SVProgressHUD.bundle */; };
		138AACD31DE7CF3B00E6A69C /* SVProgressHUD.m in Sources */ = {isa = PBXBuildFile; fileRef = 138AACCD1DE7CF3B00E6A69C /* SVProgressHUD.m */; };
		138AACD41DE7CF3B00E6A69C /* SVRadialGradientLayer.m in Sources */ = {isa = PBXBuildFile; fileRef = 138AACCF1DE7CF3B00E6A69C /* SVRadialGradientLayer.m */; };
		CB5F7E8B1DE2EE66001A2364 /* main.m in Sources */ = {isa = PBXBuildFile; fileRef = CB5F7E8A1DE2EE66001A2364 /* main.m */; };
		CB5F7E8E1DE2EE66001A2364 /* AppDelegate.m in Sources */ = {isa = PBXBuildFile; fileRef = CB5F7E8D1DE2EE66001A2364 /* AppDelegate.m */; };
		CB5F7E961DE2EE66001A2364 /* Assets.xcassets in Resources */ = {isa = PBXBuildFile; fileRef = CB5F7E951DE2EE66001A2364 /* Assets.xcassets */; };
		CB5F7E991DE2EE66001A2364 /* LaunchScreen.storyboard in Resources */ = {isa = PBXBuildFile; fileRef = CB5F7E971DE2EE66001A2364 /* LaunchScreen.storyboard */; };
		CB5F7EA41DE2EE67001A2364 /* PJAlertViewTests.m in Sources */ = {isa = PBXBuildFile; fileRef = CB5F7EA31DE2EE67001A2364 /* PJAlertViewTests.m */; };
		CB5F7EAF1DE2EE67001A2364 /* PJAlertViewUITests.m in Sources */ = {isa = PBXBuildFile; fileRef = CB5F7EAE1DE2EE67001A2364 /* PJAlertViewUITests.m */; };
/* End PBXBuildFile section */

/* Begin PBXContainerItemProxy section */
		CB5F7EA01DE2EE67001A2364 /* PBXContainerItemProxy */ = {
			isa = PBXContainerItemProxy;
			containerPortal = CB5F7E7E1DE2EE66001A2364 /* Project object */;
			proxyType = 1;
			remoteGlobalIDString = CB5F7E851DE2EE66001A2364;
			remoteInfo = PJAlertView;
		};
		CB5F7EAB1DE2EE67001A2364 /* PBXContainerItemProxy */ = {
			isa = PBXContainerItemProxy;
			containerPortal = CB5F7E7E1DE2EE66001A2364 /* Project object */;
			proxyType = 1;
			remoteGlobalIDString = CB5F7E851DE2EE66001A2364;
			remoteInfo = PJAlertView;
		};
/* End PBXContainerItemProxy section */

/* Begin PBXFileReference section */
		138AAA161DE6D82700E6A69C /* PJViewController.h */ = {isa = PBXFileReference; fileEncoding = 4; lastKnownFileType = sourcecode.c.h; path = PJViewController.h; sourceTree = "<group>"; };
		138AAA171DE6D82700E6A69C /* PJViewController.m */ = {isa = PBXFileReference; fileEncoding = 4; lastKnownFileType = sourcecode.c.objc; path = PJViewController.m; sourceTree = "<group>"; };
		138AAA1F1DE6D88A00E6A69C /* CoreGraphics.framework */ = {isa = PBXFileReference; lastKnownFileType = wrapper.framework; name = CoreGraphics.framework; path = System/Library/Frameworks/CoreGraphics.framework; sourceTree = SDKROOT; };
		138AAA211DE6D89500E6A69C /* UIKit.framework */ = {isa = PBXFileReference; lastKnownFileType = wrapper.framework; name = UIKit.framework; path = System/Library/Frameworks/UIKit.framework; sourceTree = SDKROOT; };
		138AAA231DE6D8A400E6A69C /* Foundation.framework */ = {isa = PBXFileReference; lastKnownFileType = wrapper.framework; name = Foundation.framework; path = System/Library/Frameworks/Foundation.framework; sourceTree = SDKROOT; };
		138AAC591DE6E1B800E6A69C /* PrefixHeader.pch */ = {isa = PBXFileReference; lastKnownFileType = sourcecode.c.h; path = PrefixHeader.pch; sourceTree = "<group>"; };
		138AAC821DE6E75000E6A69C /* Info.plist */ = {isa = PBXFileReference; fileEncoding = 4; lastKnownFileType = text.plist.xml; path = Info.plist; sourceTree = "<group>"; };
		138AAC831DE6E75000E6A69C /* MASCompositeConstraint.h */ = {isa = PBXFileReference; fileEncoding = 4; lastKnownFileType = sourcecode.c.h; path = MASCompositeConstraint.h; sourceTree = "<group>"; };
		138AAC841DE6E75000E6A69C /* MASCompositeConstraint.m */ = {isa = PBXFileReference; fileEncoding = 4; lastKnownFileType = sourcecode.c.objc; path = MASCompositeConstraint.m; sourceTree = "<group>"; };
		138AAC851DE6E75000E6A69C /* MASConstraint+Private.h */ = {isa = PBXFileReference; fileEncoding = 4; lastKnownFileType = sourcecode.c.h; path = "MASConstraint+Private.h"; sourceTree = "<group>"; };
		138AAC861DE6E75000E6A69C /* MASConstraint.h */ = {isa = PBXFileReference; fileEncoding = 4; lastKnownFileType = sourcecode.c.h; path = MASConstraint.h; sourceTree = "<group>"; };
		138AAC871DE6E75000E6A69C /* MASConstraint.m */ = {isa = PBXFileReference; fileEncoding = 4; lastKnownFileType = sourcecode.c.objc; path = MASConstraint.m; sourceTree = "<group>"; };
		138AAC881DE6E75000E6A69C /* MASConstraintMaker.h */ = {isa = PBXFileReference; fileEncoding = 4; lastKnownFileType = sourcecode.c.h; path = MASConstraintMaker.h; sourceTree = "<group>"; };
		138AAC891DE6E75000E6A69C /* MASConstraintMaker.m */ = {isa = PBXFileReference; fileEncoding = 4; lastKnownFileType = sourcecode.c.objc; path = MASConstraintMaker.m; sourceTree = "<group>"; };
		138AAC8A1DE6E75000E6A69C /* MASLayoutConstraint.h */ = {isa = PBXFileReference; fileEncoding = 4; lastKnownFileType = sourcecode.c.h; path = MASLayoutConstraint.h; sourceTree = "<group>"; };
		138AAC8B1DE6E75000E6A69C /* MASLayoutConstraint.m */ = {isa = PBXFileReference; fileEncoding = 4; lastKnownFileType = sourcecode.c.objc; path = MASLayoutConstraint.m; sourceTree = "<group>"; };
		138AAC8C1DE6E75000E6A69C /* Masonry.h */ = {isa = PBXFileReference; fileEncoding = 4; lastKnownFileType = sourcecode.c.h; path = Masonry.h; sourceTree = "<group>"; };
		138AAC8D1DE6E75000E6A69C /* MASUtilities.h */ = {isa = PBXFileReference; fileEncoding = 4; lastKnownFileType = sourcecode.c.h; path = MASUtilities.h; sourceTree = "<group>"; };
		138AAC8E1DE6E75000E6A69C /* MASViewAttribute.h */ = {isa = PBXFileReference; fileEncoding = 4; lastKnownFileType = sourcecode.c.h; path = MASViewAttribute.h; sourceTree = "<group>"; };
		138AAC8F1DE6E75000E6A69C /* MASViewAttribute.m */ = {isa = PBXFileReference; fileEncoding = 4; lastKnownFileType = sourcecode.c.objc; path = MASViewAttribute.m; sourceTree = "<group>"; };
		138AAC901DE6E75000E6A69C /* MASViewConstraint.h */ = {isa = PBXFileReference; fileEncoding = 4; lastKnownFileType = sourcecode.c.h; path = MASViewConstraint.h; sourceTree = "<group>"; };
		138AAC911DE6E75000E6A69C /* MASViewConstraint.m */ = {isa = PBXFileReference; fileEncoding = 4; lastKnownFileType = sourcecode.c.objc; path = MASViewConstraint.m; sourceTree = "<group>"; };
		138AAC921DE6E75000E6A69C /* NSArray+MASAdditions.h */ = {isa = PBXFileReference; fileEncoding = 4; lastKnownFileType = sourcecode.c.h; path = "NSArray+MASAdditions.h"; sourceTree = "<group>"; };
		138AAC931DE6E75000E6A69C /* NSArray+MASAdditions.m */ = {isa = PBXFileReference; fileEncoding = 4; lastKnownFileType = sourcecode.c.objc; path = "NSArray+MASAdditions.m"; sourceTree = "<group>"; };
		138AAC941DE6E75000E6A69C /* NSArray+MASShorthandAdditions.h */ = {isa = PBXFileReference; fileEncoding = 4; lastKnownFileType = sourcecode.c.h; path = "NSArray+MASShorthandAdditions.h"; sourceTree = "<group>"; };
		138AAC951DE6E75000E6A69C /* NSLayoutConstraint+MASDebugAdditions.h */ = {isa = PBXFileReference; fileEncoding = 4; lastKnownFileType = sourcecode.c.h; path = "NSLayoutConstraint+MASDebugAdditions.h"; sourceTree = "<group>"; };
		138AAC961DE6E75000E6A69C /* NSLayoutConstraint+MASDebugAdditions.m */ = {isa = PBXFileReference; fileEncoding = 4; lastKnownFileType = sourcecode.c.objc; path = "NSLayoutConstraint+MASDebugAdditions.m"; sourceTree = "<group>"; };
		138AAC971DE6E75000E6A69C /* View+MASAdditions.h */ = {isa = PBXFileReference; fileEncoding = 4; lastKnownFileType = sourcecode.c.h; path = "View+MASAdditions.h"; sourceTree = "<group>"; };
		138AAC981DE6E75000E6A69C /* View+MASAdditions.m */ = {isa = PBXFileReference; fileEncoding = 4; lastKnownFileType = sourcecode.c.objc; path = "View+MASAdditions.m"; sourceTree = "<group>"; };
		138AAC991DE6E75000E6A69C /* View+MASShorthandAdditions.h */ = {isa = PBXFileReference; fileEncoding = 4; lastKnownFileType = sourcecode.c.h; path = "View+MASShorthandAdditions.h"; sourceTree = "<group>"; };
		138AAC9A1DE6E75000E6A69C /* ViewController+MASAdditions.h */ = {isa = PBXFileReference; fileEncoding = 4; lastKnownFileType = sourcecode.c.h; path = "ViewController+MASAdditions.h"; sourceTree = "<group>"; };
		138AAC9B1DE6E75000E6A69C /* ViewController+MASAdditions.m */ = {isa = PBXFileReference; fileEncoding = 4; lastKnownFileType = sourcecode.c.objc; path = "ViewController+MASAdditions.m"; sourceTree = "<group>"; };
		138AACA81DE6E8C500E6A69C /* MBProgressHUD.h */ = {isa = PBXFileReference; fileEncoding = 4; lastKnownFileType = sourcecode.c.h; path = MBProgressHUD.h; sourceTree = "<group>"; };
		138AACA91DE6E8C500E6A69C /* MBProgressHUD.m */ = {isa = PBXFileReference; fileEncoding = 4; lastKnownFileType = sourcecode.c.objc; path = MBProgressHUD.m; sourceTree = "<group>"; };
		138AACAB1DE6E8C500E6A69C /* PJAlertView.h */ = {isa = PBXFileReference; fileEncoding = 4; lastKnownFileType = sourcecode.c.h; path = PJAlertView.h; sourceTree = "<group>"; };
		138AACAC1DE6E8C500E6A69C /* PJAlertView.m */ = {isa = PBXFileReference; fileEncoding = 4; lastKnownFileType = sourcecode.c.objc; path = PJAlertView.m; sourceTree = "<group>"; };
		138AACAE1DE6E8C500E6A69C /* PJProgressHUD.h */ = {isa = PBXFileReference; fileEncoding = 4; lastKnownFileType = sourcecode.c.h; path = PJProgressHUD.h; sourceTree = "<group>"; };
		138AACAF1DE6E8C500E6A69C /* PJProgressHUD.m */ = {isa = PBXFileReference; fileEncoding = 4; lastKnownFileType = sourcecode.c.objc; path = PJProgressHUD.m; sourceTree = "<group>"; };
		138AACB31DE7442F00E6A69C /* demo.png */ = {isa = PBXFileReference; lastKnownFileType = image.png; path = demo.png; sourceTree = "<group>"; };
		138AACC61DE7CF3B00E6A69C /* SVIndefiniteAnimatedView.h */ = {isa = PBXFileReference; fileEncoding = 4; lastKnownFileType = sourcecode.c.h; path = SVIndefiniteAnimatedView.h; sourceTree = "<group>"; };
		138AACC71DE7CF3B00E6A69C /* SVIndefiniteAnimatedView.m */ = {isa = PBXFileReference; fileEncoding = 4; lastKnownFileType = sourcecode.c.objc; path = SVIndefiniteAnimatedView.m; sourceTree = "<group>"; };
		138AACC81DE7CF3B00E6A69C /* SVProgressAnimatedView.h */ = {isa = PBXFileReference; fileEncoding = 4; lastKnownFileType = sourcecode.c.h; path = SVProgressAnimatedView.h; sourceTree = "<group>"; };
		138AACC91DE7CF3B00E6A69C /* SVProgressAnimatedView.m */ = {isa = PBXFileReference; fileEncoding = 4; lastKnownFileType = sourcecode.c.objc; path = SVProgressAnimatedView.m; sourceTree = "<group>"; };
		138AACCA1DE7CF3B00E6A69C /* SVProgressHUD-Prefix.pch */ = {isa = PBXFileReference; fileEncoding = 4; lastKnownFileType = sourcecode.c.h; path = "SVProgressHUD-Prefix.pch"; sourceTree = "<group>"; };
		138AACCB1DE7CF3B00E6A69C /* SVProgressHUD.bundle */ = {isa = PBXFileReference; lastKnownFileType = "wrapper.plug-in"; path = SVProgressHUD.bundle; sourceTree = "<group>"; };
		138AACCC1DE7CF3B00E6A69C /* SVProgressHUD.h */ = {isa = PBXFileReference; fileEncoding = 4; lastKnownFileType = sourcecode.c.h; path = SVProgressHUD.h; sourceTree = "<group>"; };
		138AACCD1DE7CF3B00E6A69C /* SVProgressHUD.m */ = {isa = PBXFileReference; fileEncoding = 4; lastKnownFileType = sourcecode.c.objc; path = SVProgressHUD.m; sourceTree = "<group>"; };
		138AACCE1DE7CF3B00E6A69C /* SVRadialGradientLayer.h */ = {isa = PBXFileReference; fileEncoding = 4; lastKnownFileType = sourcecode.c.h; path = SVRadialGradientLayer.h; sourceTree = "<group>"; };
		138AACCF1DE7CF3B00E6A69C /* SVRadialGradientLayer.m */ = {isa = PBXFileReference; fileEncoding = 4; lastKnownFileType = sourcecode.c.objc; path = SVRadialGradientLayer.m; sourceTree = "<group>"; };
		CB5F7E861DE2EE66001A2364 /* PJAlertView.app */ = {isa = PBXFileReference; explicitFileType = wrapper.application; includeInIndex = 0; path = PJAlertView.app; sourceTree = BUILT_PRODUCTS_DIR; };
		CB5F7E8A1DE2EE66001A2364 /* main.m */ = {isa = PBXFileReference; lastKnownFileType = sourcecode.c.objc; path = main.m; sourceTree = "<group>"; };
		CB5F7E8C1DE2EE66001A2364 /* AppDelegate.h */ = {isa = PBXFileReference; lastKnownFileType = sourcecode.c.h; path = AppDelegate.h; sourceTree = "<group>"; };
		CB5F7E8D1DE2EE66001A2364 /* AppDelegate.m */ = {isa = PBXFileReference; lastKnownFileType = sourcecode.c.objc; path = AppDelegate.m; sourceTree = "<group>"; };
		CB5F7E951DE2EE66001A2364 /* Assets.xcassets */ = {isa = PBXFileReference; lastKnownFileType = folder.assetcatalog; path = Assets.xcassets; sourceTree = "<group>"; };
		CB5F7E981DE2EE66001A2364 /* Base */ = {isa = PBXFileReference; lastKnownFileType = file.storyboard; name = Base; path = Base.lproj/LaunchScreen.storyboard; sourceTree = "<group>"; };
		CB5F7E9A1DE2EE67001A2364 /* Info.plist */ = {isa = PBXFileReference; lastKnownFileType = text.plist.xml; path = Info.plist; sourceTree = "<group>"; };
		CB5F7E9F1DE2EE67001A2364 /* PJAlertViewTests.xctest */ = {isa = PBXFileReference; explicitFileType = wrapper.cfbundle; includeInIndex = 0; path = PJAlertViewTests.xctest; sourceTree = BUILT_PRODUCTS_DIR; };
		CB5F7EA31DE2EE67001A2364 /* PJAlertViewTests.m */ = {isa = PBXFileReference; lastKnownFileType = sourcecode.c.objc; path = PJAlertViewTests.m; sourceTree = "<group>"; };
		CB5F7EA51DE2EE67001A2364 /* Info.plist */ = {isa = PBXFileReference; lastKnownFileType = text.plist.xml; path = Info.plist; sourceTree = "<group>"; };
		CB5F7EAA1DE2EE67001A2364 /* PJAlertViewUITests.xctest */ = {isa = PBXFileReference; explicitFileType = wrapper.cfbundle; includeInIndex = 0; path = PJAlertViewUITests.xctest; sourceTree = BUILT_PRODUCTS_DIR; };
		CB5F7EAE1DE2EE67001A2364 /* PJAlertViewUITests.m */ = {isa = PBXFileReference; lastKnownFileType = sourcecode.c.objc; path = PJAlertViewUITests.m; sourceTree = "<group>"; };
		CB5F7EB01DE2EE67001A2364 /* Info.plist */ = {isa = PBXFileReference; lastKnownFileType = text.plist.xml; path = Info.plist; sourceTree = "<group>"; };
/* End PBXFileReference section */

/* Begin PBXFrameworksBuildPhase section */
		CB5F7E831DE2EE66001A2364 /* Frameworks */ = {
			isa = PBXFrameworksBuildPhase;
			buildActionMask = 2147483647;
			files = (
				138AAA241DE6D8A400E6A69C /* Foundation.framework in Frameworks */,
				138AAA221DE6D89500E6A69C /* UIKit.framework in Frameworks */,
				138AAA201DE6D88A00E6A69C /* CoreGraphics.framework in Frameworks */,
			);
			runOnlyForDeploymentPostprocessing = 0;
		};
		CB5F7E9C1DE2EE67001A2364 /* Frameworks */ = {
			isa = PBXFrameworksBuildPhase;
			buildActionMask = 2147483647;
			files = (
			);
			runOnlyForDeploymentPostprocessing = 0;
		};
		CB5F7EA71DE2EE67001A2364 /* Frameworks */ = {
			isa = PBXFrameworksBuildPhase;
			buildActionMask = 2147483647;
			files = (
			);
			runOnlyForDeploymentPostprocessing = 0;
		};
/* End PBXFrameworksBuildPhase section */

/* Begin PBXGroup section */
		138AAA151DE6D82700E6A69C /* Controllers */ = {
			isa = PBXGroup;
			children = (
				138AAA161DE6D82700E6A69C /* PJViewController.h */,
				138AAA171DE6D82700E6A69C /* PJViewController.m */,
			);
			path = Controllers;
			sourceTree = "<group>";
		};
		138AAA181DE6D82700E6A69C /* Views */ = {
			isa = PBXGroup;
			children = (
				138AACA71DE6E8C500E6A69C /* MBProgressHUD */,
				138AACC51DE7CF3B00E6A69C /* SVProgressHUD */,
				138AACAA1DE6E8C500E6A69C /* PJAlertView */,
				138AACAD1DE6E8C500E6A69C /* PJProgressHUD */,
			);
			path = Views;
			sourceTree = "<group>";
		};
		138AAA1E1DE6D88A00E6A69C /* Frameworks */ = {
			isa = PBXGroup;
			children = (
				138AAA231DE6D8A400E6A69C /* Foundation.framework */,
				138AAA211DE6D89500E6A69C /* UIKit.framework */,
				138AAA1F1DE6D88A00E6A69C /* CoreGraphics.framework */,
			);
			name = Frameworks;
			sourceTree = "<group>";
		};
		138AAA2D1DE6DFBA00E6A69C /* Others */ = {
			isa = PBXGroup;
			children = (
				138AAC801DE6E74400E6A69C /* Vender(第三方) */,
			);
			path = Others;
			sourceTree = "<group>";
		};
		138AAC801DE6E74400E6A69C /* Vender(第三方) */ = {
			isa = PBXGroup;
			children = (
				138AAC811DE6E75000E6A69C /* Masonry */,
			);
			path = "Vender(第三方)";
			sourceTree = "<group>";
		};
		138AAC811DE6E75000E6A69C /* Masonry */ = {
			isa = PBXGroup;
			children = (
				138AAC821DE6E75000E6A69C /* Info.plist */,
				138AAC831DE6E75000E6A69C /* MASCompositeConstraint.h */,
				138AAC841DE6E75000E6A69C /* MASCompositeConstraint.m */,
				138AAC851DE6E75000E6A69C /* MASConstraint+Private.h */,
				138AAC861DE6E75000E6A69C /* MASConstraint.h */,
				138AAC871DE6E75000E6A69C /* MASConstraint.m */,
				138AAC881DE6E75000E6A69C /* MASConstraintMaker.h */,
				138AAC891DE6E75000E6A69C /* MASConstraintMaker.m */,
				138AAC8A1DE6E75000E6A69C /* MASLayoutConstraint.h */,
				138AAC8B1DE6E75000E6A69C /* MASLayoutConstraint.m */,
				138AAC8C1DE6E75000E6A69C /* Masonry.h */,
				138AAC8D1DE6E75000E6A69C /* MASUtilities.h */,
				138AAC8E1DE6E75000E6A69C /* MASViewAttribute.h */,
				138AAC8F1DE6E75000E6A69C /* MASViewAttribute.m */,
				138AAC901DE6E75000E6A69C /* MASViewConstraint.h */,
				138AAC911DE6E75000E6A69C /* MASViewConstraint.m */,
				138AAC921DE6E75000E6A69C /* NSArray+MASAdditions.h */,
				138AAC931DE6E75000E6A69C /* NSArray+MASAdditions.m */,
				138AAC941DE6E75000E6A69C /* NSArray+MASShorthandAdditions.h */,
				138AAC951DE6E75000E6A69C /* NSLayoutConstraint+MASDebugAdditions.h */,
				138AAC961DE6E75000E6A69C /* NSLayoutConstraint+MASDebugAdditions.m */,
				138AAC971DE6E75000E6A69C /* View+MASAdditions.h */,
				138AAC981DE6E75000E6A69C /* View+MASAdditions.m */,
				138AAC991DE6E75000E6A69C /* View+MASShorthandAdditions.h */,
				138AAC9A1DE6E75000E6A69C /* ViewController+MASAdditions.h */,
				138AAC9B1DE6E75000E6A69C /* ViewController+MASAdditions.m */,
			);
			path = Masonry;
			sourceTree = "<group>";
		};
		138AACA71DE6E8C500E6A69C /* MBProgressHUD */ = {
			isa = PBXGroup;
			children = (
				138AACA81DE6E8C500E6A69C /* MBProgressHUD.h */,
				138AACA91DE6E8C500E6A69C /* MBProgressHUD.m */,
			);
			path = MBProgressHUD;
			sourceTree = "<group>";
		};
		138AACAA1DE6E8C500E6A69C /* PJAlertView */ = {
			isa = PBXGroup;
			children = (
				138AACAB1DE6E8C500E6A69C /* PJAlertView.h */,
				138AACAC1DE6E8C500E6A69C /* PJAlertView.m */,
			);
			path = PJAlertView;
			sourceTree = "<group>";
		};
		138AACAD1DE6E8C500E6A69C /* PJProgressHUD */ = {
			isa = PBXGroup;
			children = (
				138AACAE1DE6E8C500E6A69C /* PJProgressHUD.h */,
				138AACAF1DE6E8C500E6A69C /* PJProgressHUD.m */,
			);
			path = PJProgressHUD;
			sourceTree = "<group>";
		};
		138AACC51DE7CF3B00E6A69C /* SVProgressHUD */ = {
			isa = PBXGroup;
			children = (
				138AACC61DE7CF3B00E6A69C /* SVIndefiniteAnimatedView.h */,
				138AACC71DE7CF3B00E6A69C /* SVIndefiniteAnimatedView.m */,
				138AACC81DE7CF3B00E6A69C /* SVProgressAnimatedView.h */,
				138AACC91DE7CF3B00E6A69C /* SVProgressAnimatedView.m */,
				138AACCA1DE7CF3B00E6A69C /* SVProgressHUD-Prefix.pch */,
				138AACCB1DE7CF3B00E6A69C /* SVProgressHUD.bundle */,
				138AACCC1DE7CF3B00E6A69C /* SVProgressHUD.h */,
				138AACCD1DE7CF3B00E6A69C /* SVProgressHUD.m */,
				138AACCE1DE7CF3B00E6A69C /* SVRadialGradientLayer.h */,
				138AACCF1DE7CF3B00E6A69C /* SVRadialGradientLayer.m */,
			);
			path = SVProgressHUD;
			sourceTree = "<group>";
		};
		CB5F7E7D1DE2EE66001A2364 = {
			isa = PBXGroup;
			children = (
				CB5F7E881DE2EE66001A2364 /* PJAlertView */,
				CB5F7EA21DE2EE67001A2364 /* PJAlertViewTests */,
				CB5F7EAD1DE2EE67001A2364 /* PJAlertViewUITests */,
				CB5F7E871DE2EE66001A2364 /* Products */,
				138AAA1E1DE6D88A00E6A69C /* Frameworks */,
			);
			sourceTree = "<group>";
		};
		CB5F7E871DE2EE66001A2364 /* Products */ = {
			isa = PBXGroup;
			children = (
				CB5F7E861DE2EE66001A2364 /* PJAlertView.app */,
				CB5F7E9F1DE2EE67001A2364 /* PJAlertViewTests.xctest */,
				CB5F7EAA1DE2EE67001A2364 /* PJAlertViewUITests.xctest */,
			);
			name = Products;
			sourceTree = "<group>";
		};
		CB5F7E881DE2EE66001A2364 /* PJAlertView */ = {
			isa = PBXGroup;
			children = (
				138AAA151DE6D82700E6A69C /* Controllers */,
				138AAA181DE6D82700E6A69C /* Views */,
				138AAA2D1DE6DFBA00E6A69C /* Others */,
				CB5F7E8C1DE2EE66001A2364 /* AppDelegate.h */,
				CB5F7E8D1DE2EE66001A2364 /* AppDelegate.m */,
				138AACB31DE7442F00E6A69C /* demo.png */,
				138AAC591DE6E1B800E6A69C /* PrefixHeader.pch */,
				CB5F7E951DE2EE66001A2364 /* Assets.xcassets */,
				CB5F7E971DE2EE66001A2364 /* LaunchScreen.storyboard */,
				CB5F7E9A1DE2EE67001A2364 /* Info.plist */,
				CB5F7E891DE2EE66001A2364 /* Supporting Files */,
			);
			path = PJAlertView;
			sourceTree = "<group>";
		};
		CB5F7E891DE2EE66001A2364 /* Supporting Files */ = {
			isa = PBXGroup;
			children = (
				CB5F7E8A1DE2EE66001A2364 /* main.m */,
			);
			name = "Supporting Files";
			sourceTree = "<group>";
		};
		CB5F7EA21DE2EE67001A2364 /* PJAlertViewTests */ = {
			isa = PBXGroup;
			children = (
				CB5F7EA31DE2EE67001A2364 /* PJAlertViewTests.m */,
				CB5F7EA51DE2EE67001A2364 /* Info.plist */,
			);
			path = PJAlertViewTests;
			sourceTree = "<group>";
		};
		CB5F7EAD1DE2EE67001A2364 /* PJAlertViewUITests */ = {
			isa = PBXGroup;
			children = (
				CB5F7EAE1DE2EE67001A2364 /* PJAlertViewUITests.m */,
				CB5F7EB01DE2EE67001A2364 /* Info.plist */,
			);
			path = PJAlertViewUITests;
			sourceTree = "<group>";
		};
/* End PBXGroup section */

/* Begin PBXNativeTarget section */
		CB5F7E851DE2EE66001A2364 /* PJAlertView */ = {
			isa = PBXNativeTarget;
			buildConfigurationList = CB5F7EB31DE2EE67001A2364 /* Build configuration list for PBXNativeTarget "PJAlertView" */;
			buildPhases = (
				CB5F7E821DE2EE66001A2364 /* Sources */,
				CB5F7E831DE2EE66001A2364 /* Frameworks */,
				CB5F7E841DE2EE66001A2364 /* Resources */,
			);
			buildRules = (
			);
			dependencies = (
			);
			name = PJAlertView;
			productName = PJAlertView;
			productReference = CB5F7E861DE2EE66001A2364 /* PJAlertView.app */;
			productType = "com.apple.product-type.application";
		};
		CB5F7E9E1DE2EE67001A2364 /* PJAlertViewTests */ = {
			isa = PBXNativeTarget;
			buildConfigurationList = CB5F7EB61DE2EE67001A2364 /* Build configuration list for PBXNativeTarget "PJAlertViewTests" */;
			buildPhases = (
				CB5F7E9B1DE2EE67001A2364 /* Sources */,
				CB5F7E9C1DE2EE67001A2364 /* Frameworks */,
				CB5F7E9D1DE2EE67001A2364 /* Resources */,
			);
			buildRules = (
			);
			dependencies = (
				CB5F7EA11DE2EE67001A2364 /* PBXTargetDependency */,
			);
			name = PJAlertViewTests;
			productName = PJAlertViewTests;
			productReference = CB5F7E9F1DE2EE67001A2364 /* PJAlertViewTests.xctest */;
			productType = "com.apple.product-type.bundle.unit-test";
		};
		CB5F7EA91DE2EE67001A2364 /* PJAlertViewUITests */ = {
			isa = PBXNativeTarget;
			buildConfigurationList = CB5F7EB91DE2EE67001A2364 /* Build configuration list for PBXNativeTarget "PJAlertViewUITests" */;
			buildPhases = (
				CB5F7EA61DE2EE67001A2364 /* Sources */,
				CB5F7EA71DE2EE67001A2364 /* Frameworks */,
				CB5F7EA81DE2EE67001A2364 /* Resources */,
			);
			buildRules = (
			);
			dependencies = (
				CB5F7EAC1DE2EE67001A2364 /* PBXTargetDependency */,
			);
			name = PJAlertViewUITests;
			productName = PJAlertViewUITests;
			productReference = CB5F7EAA1DE2EE67001A2364 /* PJAlertViewUITests.xctest */;
			productType = "com.apple.product-type.bundle.ui-testing";
		};
/* End PBXNativeTarget section */

/* Begin PBXProject section */
		CB5F7E7E1DE2EE66001A2364 /* Project object */ = {
			isa = PBXProject;
			attributes = {
				LastUpgradeCheck = 0720;
				ORGANIZATIONNAME = "周鹏钜";
				TargetAttributes = {
					CB5F7E851DE2EE66001A2364 = {
						CreatedOnToolsVersion = 7.2;
						DevelopmentTeam = RJRG9ERDPP;
					};
					CB5F7E9E1DE2EE67001A2364 = {
						CreatedOnToolsVersion = 7.2;
						TestTargetID = CB5F7E851DE2EE66001A2364;
					};
					CB5F7EA91DE2EE67001A2364 = {
						CreatedOnToolsVersion = 7.2;
						TestTargetID = CB5F7E851DE2EE66001A2364;
					};
				};
			};
			buildConfigurationList = CB5F7E811DE2EE66001A2364 /* Build configuration list for PBXProject "PJAlertView" */;
			compatibilityVersion = "Xcode 3.2";
			developmentRegion = English;
			hasScannedForEncodings = 0;
			knownRegions = (
				en,
				Base,
			);
			mainGroup = CB5F7E7D1DE2EE66001A2364;
			productRefGroup = CB5F7E871DE2EE66001A2364 /* Products */;
			projectDirPath = "";
			projectRoot = "";
			targets = (
				CB5F7E851DE2EE66001A2364 /* PJAlertView */,
				CB5F7E9E1DE2EE67001A2364 /* PJAlertViewTests */,
				CB5F7EA91DE2EE67001A2364 /* PJAlertViewUITests */,
			);
		};
/* End PBXProject section */

/* Begin PBXResourcesBuildPhase section */
		CB5F7E841DE2EE66001A2364 /* Resources */ = {
			isa = PBXResourcesBuildPhase;
			buildActionMask = 2147483647;
			files = (
				138AACD21DE7CF3B00E6A69C /* SVProgressHUD.bundle in Resources */,
				138AACB41DE7442F00E6A69C /* demo.png in Resources */,
				CB5F7E991DE2EE66001A2364 /* LaunchScreen.storyboard in Resources */,
				CB5F7E961DE2EE66001A2364 /* Assets.xcassets in Resources */,
				138AAC9C1DE6E75000E6A69C /* Info.plist in Resources */,
			);
			runOnlyForDeploymentPostprocessing = 0;
		};
		CB5F7E9D1DE2EE67001A2364 /* Resources */ = {
			isa = PBXResourcesBuildPhase;
			buildActionMask = 2147483647;
			files = (
			);
			runOnlyForDeploymentPostprocessing = 0;
		};
		CB5F7EA81DE2EE67001A2364 /* Resources */ = {
			isa = PBXResourcesBuildPhase;
			buildActionMask = 2147483647;
			files = (
			);
			runOnlyForDeploymentPostprocessing = 0;
		};
/* End PBXResourcesBuildPhase section */

/* Begin PBXSourcesBuildPhase section */
		CB5F7E821DE2EE66001A2364 /* Sources */ = {
			isa = PBXSourcesBuildPhase;
			buildActionMask = 2147483647;
			files = (
				138AAC9E1DE6E75000E6A69C /* MASConstraint.m in Sources */,
				138AACA11DE6E75000E6A69C /* MASViewAttribute.m in Sources */,
				138AACA61DE6E75000E6A69C /* ViewController+MASAdditions.m in Sources */,
				138AACA31DE6E75000E6A69C /* NSArray+MASAdditions.m in Sources */,
				CB5F7E8E1DE2EE66001A2364 /* AppDelegate.m in Sources */,
				138AACD11DE7CF3B00E6A69C /* SVProgressAnimatedView.m in Sources */,
				138AACA21DE6E75000E6A69C /* MASViewConstraint.m in Sources */,
				138AACD31DE7CF3B00E6A69C /* SVProgressHUD.m in Sources */,
				138AACD01DE7CF3B00E6A69C /* SVIndefiniteAnimatedView.m in Sources */,
				138AACA01DE6E75000E6A69C /* MASLayoutConstraint.m in Sources */,
				138AACB11DE6E8C500E6A69C /* PJAlertView.m in Sources */,
				138AAA191DE6D82700E6A69C /* PJViewController.m in Sources */,
				138AACA51DE6E75000E6A69C /* View+MASAdditions.m in Sources */,
				138AACB21DE6E8C500E6A69C /* PJProgressHUD.m in Sources */,
				138AAC9D1DE6E75000E6A69C /* MASCompositeConstraint.m in Sources */,
				138AACA41DE6E75000E6A69C /* NSLayoutConstraint+MASDebugAdditions.m in Sources */,
				138AAC9F1DE6E75000E6A69C /* MASConstraintMaker.m in Sources */,
				CB5F7E8B1DE2EE66001A2364 /* main.m in Sources */,
				138AACB01DE6E8C500E6A69C /* MBProgressHUD.m in Sources */,
				138AACD41DE7CF3B00E6A69C /* SVRadialGradientLayer.m in Sources */,
			);
			runOnlyForDeploymentPostprocessing = 0;
		};
		CB5F7E9B1DE2EE67001A2364 /* Sources */ = {
			isa = PBXSourcesBuildPhase;
			buildActionMask = 2147483647;
			files = (
				CB5F7EA41DE2EE67001A2364 /* PJAlertViewTests.m in Sources */,
			);
			runOnlyForDeploymentPostprocessing = 0;
		};
		CB5F7EA61DE2EE67001A2364 /* Sources */ = {
			isa = PBXSourcesBuildPhase;
			buildActionMask = 2147483647;
			files = (
				CB5F7EAF1DE2EE67001A2364 /* PJAlertViewUITests.m in Sources */,
			);
			runOnlyForDeploymentPostprocessing = 0;
		};
/* End PBXSourcesBuildPhase section */

/* Begin PBXTargetDependency section */
		CB5F7EA11DE2EE67001A2364 /* PBXTargetDependency */ = {
			isa = PBXTargetDependency;
			target = CB5F7E851DE2EE66001A2364 /* PJAlertView */;
			targetProxy = CB5F7EA01DE2EE67001A2364 /* PBXContainerItemProxy */;
		};
		CB5F7EAC1DE2EE67001A2364 /* PBXTargetDependency */ = {
			isa = PBXTargetDependency;
			target = CB5F7E851DE2EE66001A2364 /* PJAlertView */;
			targetProxy = CB5F7EAB1DE2EE67001A2364 /* PBXContainerItemProxy */;
		};
/* End PBXTargetDependency section */

/* Begin PBXVariantGroup section */
		CB5F7E971DE2EE66001A2364 /* LaunchScreen.storyboard */ = {
			isa = PBXVariantGroup;
			children = (
				CB5F7E981DE2EE66001A2364 /* Base */,
			);
			name = LaunchScreen.storyboard;
			sourceTree = "<group>";
		};
/* End PBXVariantGroup section */

/* Begin XCBuildConfiguration section */
		CB5F7EB11DE2EE67001A2364 /* Debug */ = {
			isa = XCBuildConfiguration;
			buildSettings = {
				ALWAYS_SEARCH_USER_PATHS = NO;
				CLANG_CXX_LANGUAGE_STANDARD = "gnu++0x";
				CLANG_CXX_LIBRARY = "libc++";
				CLANG_ENABLE_MODULES = YES;
				CLANG_ENABLE_OBJC_ARC = YES;
				CLANG_WARN_BOOL_CONVERSION = YES;
				CLANG_WARN_CONSTANT_CONVERSION = YES;
				CLANG_WARN_DIRECT_OBJC_ISA_USAGE = YES_ERROR;
				CLANG_WARN_EMPTY_BODY = YES;
				CLANG_WARN_ENUM_CONVERSION = YES;
				CLANG_WARN_INT_CONVERSION = YES;
				CLANG_WARN_OBJC_ROOT_CLASS = YES_ERROR;
				CLANG_WARN_UNREACHABLE_CODE = YES;
				CLANG_WARN__DUPLICATE_METHOD_MATCH = YES;
				"CODE_SIGN_IDENTITY[sdk=iphoneos*]" = "iPhone Developer";
				COPY_PHASE_STRIP = NO;
				DEBUG_INFORMATION_FORMAT = dwarf;
				ENABLE_STRICT_OBJC_MSGSEND = YES;
				ENABLE_TESTABILITY = YES;
				GCC_C_LANGUAGE_STANDARD = gnu99;
				GCC_DYNAMIC_NO_PIC = NO;
				GCC_NO_COMMON_BLOCKS = YES;
				GCC_OPTIMIZATION_LEVEL = 0;
				GCC_PREPROCESSOR_DEFINITIONS = (
					"DEBUG=1",
					"$(inherited)",
				);
				GCC_WARN_64_TO_32_BIT_CONVERSION = YES;
				GCC_WARN_ABOUT_RETURN_TYPE = YES_ERROR;
				GCC_WARN_UNDECLARED_SELECTOR = YES;
				GCC_WARN_UNINITIALIZED_AUTOS = YES_AGGRESSIVE;
				GCC_WARN_UNUSED_FUNCTION = YES;
				GCC_WARN_UNUSED_VARIABLE = YES;
				IPHONEOS_DEPLOYMENT_TARGET = 9.2;
				MTL_ENABLE_DEBUG_INFO = YES;
				ONLY_ACTIVE_ARCH = YES;
				SDKROOT = iphoneos;
			};
			name = Debug;
		};
		CB5F7EB21DE2EE67001A2364 /* Release */ = {
			isa = XCBuildConfiguration;
			buildSettings = {
				ALWAYS_SEARCH_USER_PATHS = NO;
				CLANG_CXX_LANGUAGE_STANDARD = "gnu++0x";
				CLANG_CXX_LIBRARY = "libc++";
				CLANG_ENABLE_MODULES = YES;
				CLANG_ENABLE_OBJC_ARC = YES;
				CLANG_WARN_BOOL_CONVERSION = YES;
				CLANG_WARN_CONSTANT_CONVERSION = YES;
				CLANG_WARN_DIRECT_OBJC_ISA_USAGE = YES_ERROR;
				CLANG_WARN_EMPTY_BODY = YES;
				CLANG_WARN_ENUM_CONVERSION = YES;
				CLANG_WARN_INT_CONVERSION = YES;
				CLANG_WARN_OBJC_ROOT_CLASS = YES_ERROR;
				CLANG_WARN_UNREACHABLE_CODE = YES;
				CLANG_WARN__DUPLICATE_METHOD_MATCH = YES;
				"CODE_SIGN_IDENTITY[sdk=iphoneos*]" = "iPhone Developer";
				COPY_PHASE_STRIP = NO;
				DEBUG_INFORMATION_FORMAT = "dwarf-with-dsym";
				ENABLE_NS_ASSERTIONS = NO;
				ENABLE_STRICT_OBJC_MSGSEND = YES;
				GCC_C_LANGUAGE_STANDARD = gnu99;
				GCC_NO_COMMON_BLOCKS = YES;
				GCC_WARN_64_TO_32_BIT_CONVERSION = YES;
				GCC_WARN_ABOUT_RETURN_TYPE = YES_ERROR;
				GCC_WARN_UNDECLARED_SELECTOR = YES;
				GCC_WARN_UNINITIALIZED_AUTOS = YES_AGGRESSIVE;
				GCC_WARN_UNUSED_FUNCTION = YES;
				GCC_WARN_UNUSED_VARIABLE = YES;
				IPHONEOS_DEPLOYMENT_TARGET = 9.2;
				MTL_ENABLE_DEBUG_INFO = NO;
				SDKROOT = iphoneos;
				VALIDATE_PRODUCT = YES;
			};
			name = Release;
		};
		CB5F7EB41DE2EE67001A2364 /* Debug */ = {
			isa = XCBuildConfiguration;
			buildSettings = {
				ASSETCATALOG_COMPILER_APPICON_NAME = AppIcon;
				CLANG_ENABLE_OBJC_ARC = YES;
				DEVELOPMENT_TEAM = RJRG9ERDPP;
				GCC_PREFIX_HEADER = "$(SRCROOT)/$(PROJECT_NAME)/PrefixHeader.pch";
				INFOPLIST_FILE = PJAlertView/Info.plist;
				IPHONEOS_DEPLOYMENT_TARGET = 8.0;
				LD_RUNPATH_SEARCH_PATHS = "$(inherited) @executable_path/Frameworks";
				PRODUCT_BUNDLE_IDENTIFIER = com.zhoupengju.www.PJAlertView;
				PRODUCT_NAME = "$(TARGET_NAME)";
			};
			name = Debug;
		};
		CB5F7EB51DE2EE67001A2364 /* Release */ = {
			isa = XCBuildConfiguration;
			buildSettings = {
				ASSETCATALOG_COMPILER_APPICON_NAME = AppIcon;
				CLANG_ENABLE_OBJC_ARC = YES;
				DEVELOPMENT_TEAM = RJRG9ERDPP;
				GCC_PREFIX_HEADER = "$(SRCROOT)/$(PROJECT_NAME)/PrefixHeader.pch";
				INFOPLIST_FILE = PJAlertView/Info.plist;
				IPHONEOS_DEPLOYMENT_TARGET = 8.0;
				LD_RUNPATH_SEARCH_PATHS = "$(inherited) @executable_path/Frameworks";
				PRODUCT_BUNDLE_IDENTIFIER = com.zhoupengju.www.PJAlertView;
				PRODUCT_NAME = "$(TARGET_NAME)";
			};
			name = Release;
		};
		CB5F7EB71DE2EE67001A2364 /* Debug */ = {
			isa = XCBuildConfiguration;
			buildSettings = {
				BUNDLE_LOADER = "$(TEST_HOST)";
				INFOPLIST_FILE = PJAlertViewTests/Info.plist;
				LD_RUNPATH_SEARCH_PATHS = "$(inherited) @executable_path/Frameworks @loader_path/Frameworks";
				PRODUCT_BUNDLE_IDENTIFIER = com.zhoupengju.www.PJAlertViewTests;
				PRODUCT_NAME = "$(TARGET_NAME)";
				TEST_HOST = "$(BUILT_PRODUCTS_DIR)/PJAlertView.app/PJAlertView";
			};
			name = Debug;
		};
		CB5F7EB81DE2EE67001A2364 /* Release */ = {
			isa = XCBuildConfiguration;
			buildSettings = {
				BUNDLE_LOADER = "$(TEST_HOST)";
				INFOPLIST_FILE = PJAlertViewTests/Info.plist;
				LD_RUNPATH_SEARCH_PATHS = "$(inherited) @executable_path/Frameworks @loader_path/Frameworks";
				PRODUCT_BUNDLE_IDENTIFIER = com.zhoupengju.www.PJAlertViewTests;
				PRODUCT_NAME = "$(TARGET_NAME)";
				TEST_HOST = "$(BUILT_PRODUCTS_DIR)/PJAlertView.app/PJAlertView";
			};
			name = Release;
		};
		CB5F7EBA1DE2EE67001A2364 /* Debug */ = {
			isa = XCBuildConfiguration;
			buildSettings = {
				INFOPLIST_FILE = PJAlertViewUITests/Info.plist;
				LD_RUNPATH_SEARCH_PATHS = "$(inherited) @executable_path/Frameworks @loader_path/Frameworks";
				PRODUCT_BUNDLE_IDENTIFIER = com.zhoupengju.www.PJAlertViewUITests;
				PRODUCT_NAME = "$(TARGET_NAME)";
				TEST_TARGET_NAME = PJAlertView;
				USES_XCTRUNNER = YES;
			};
			name = Debug;
		};
		CB5F7EBB1DE2EE67001A2364 /* Release */ = {
			isa = XCBuildConfiguration;
			buildSettings = {
				INFOPLIST_FILE = PJAlertViewUITests/Info.plist;
				LD_RUNPATH_SEARCH_PATHS = "$(inherited) @executable_path/Frameworks @loader_path/Frameworks";
				PRODUCT_BUNDLE_IDENTIFIER = com.zhoupengju.www.PJAlertViewUITests;
				PRODUCT_NAME = "$(TARGET_NAME)";
				TEST_TARGET_NAME = PJAlertView;
				USES_XCTRUNNER = YES;
			};
			name = Release;
		};
/* End XCBuildConfiguration section */

/* Begin XCConfigurationList section */
		CB5F7E811DE2EE66001A2364 /* Build configuration list for PBXProject "PJAlertView" */ = {
			isa = XCConfigurationList;
			buildConfigurations = (
				CB5F7EB11DE2EE67001A2364 /* Debug */,
				CB5F7EB21DE2EE67001A2364 /* Release */,
			);
			defaultConfigurationIsVisible = 0;
			defaultConfigurationName = Release;
		};
		CB5F7EB31DE2EE67001A2364 /* Build configuration list for PBXNativeTarget "PJAlertView" */ = {
			isa = XCConfigurationList;
			buildConfigurations = (
				CB5F7EB41DE2EE67001A2364 /* Debug */,
				CB5F7EB51DE2EE67001A2364 /* Release */,
			);
			defaultConfigurationIsVisible = 0;
			defaultConfigurationName = Release;
		};
		CB5F7EB61DE2EE67001A2364 /* Build configuration list for PBXNativeTarget "PJAlertViewTests" */ = {
			isa = XCConfigurationList;
			buildConfigurations = (
				CB5F7EB71DE2EE67001A2364 /* Debug */,
				CB5F7EB81DE2EE67001A2364 /* Release */,
			);
			defaultConfigurationIsVisible = 0;
			defaultConfigurationName = Release;
		};
		CB5F7EB91DE2EE67001A2364 /* Build configuration list for PBXNativeTarget "PJAlertViewUITests" */ = {
			isa = XCConfigurationList;
			buildConfigurations = (
				CB5F7EBA1DE2EE67001A2364 /* Debug */,
				CB5F7EBB1DE2EE67001A2364 /* Release */,
			);
			defaultConfigurationIsVisible = 0;
			defaultConfigurationName = Release;
		};
/* End XCConfigurationList section */
	};
	rootObject = CB5F7E7E1DE2EE66001A2364 /* Project object */;
}
